
Microsoft Visual Studio Solution File, Format Version 12.00
# Visual Studio Version 18
VisualStudioVersion = 18.0.11205.157 d18.0
MinimumVisualStudioVersion = 10.0.40219.1
Project("{FAE04EC0-301F-11D3-BF4B-00C04F79EFBC}") = "DataCalculator", "DataCalculator\DataCalculator.csproj", "{7CD975E7-4932-4178-A5D9-B1ABF96EA318}"
EndProject
Project("{2150E333-8FDC-42A3-9474-1A3956D46DE8}") = "Solution Items", "Solution Items", "{4E820B58-67AC-4D8D-8B29-3A7F0613CD72}"
	ProjectSection(SolutionItems) = preProject
		.editorconfig = .editorconfig
	EndProjectSection
EndProject
Global
	GlobalSection(SolutionConfigurationPlatforms) = preSolution
		Debug|Any CPU = Debug|Any CPU
		Release|Any CPU = Release|Any CPU
	EndGlobalSection
	GlobalSection(ProjectConfigurationPlatforms) = postSolution
		{7CD975E7-4932-4178-A5D9-B1ABF96EA318}.Debug|Any CPU.ActiveCfg = Debug|Any CPU
		{7CD975E7-4932-4178-A5D9-B1ABF96EA318}.Debug|Any CPU.Build.0 = Debug|Any CPU
		{7CD975E7-4932-4178-A5D9-B1ABF96EA318}.Release|Any CPU.ActiveCfg = Release|Any CPU
		{7CD975E7-4932-4178-A5D9-B1ABF96EA318}.Release|Any CPU.Build.0 = Release|Any CPU
	EndGlobalSection
	GlobalSection(SolutionProperties) = preSolution
		HideSolutionNode = FALSE
	EndGlobalSection
	GlobalSection(ExtensibilityGlobals) = postSolution
		SolutionGuid = {4300E0A4-022B-42EC-8BC9-9803E3AF03FF}
	EndGlobalSection
EndGlobal
